
Microsoft Visual Studio Solution File, Format Version 12.00
# Visual Studio Version 17
VisualStudioVersion = 17.8.34219.65
MinimumVisualStudioVersion = 10.0.40219.1
Project("{FAE04EC0-301F-11D3-BF4B-00C04F79EFBC}") = "GetCodeAsPdf", "GetCodeAsPdf\GetCodeAsPdf.csproj", "{4540D036-6829-4EEB-BB00-7CDFB8B8BB7E}"
EndProject
Global
	GlobalSection(SolutionConfigurationPlatforms) = preSolution
		Debug|Any CPU = Debug|Any CPU
		Release|Any CPU = Release|Any CPU
	EndGlobalSection
	GlobalSection(ProjectConfigurationPlatforms) = postSolution
		{4540D036-6829-4EEB-BB00-7CDFB8B8BB7E}.Debug|Any CPU.ActiveCfg = Debug|Any CPU
		{4540D036-6829-4EEB-BB00-7CDFB8B8BB7E}.Debug|Any CPU.Build.0 = Debug|Any CPU
		{4540D036-6829-4EEB-BB00-7CDFB8B8BB7E}.Release|Any CPU.ActiveCfg = Release|Any CPU
		{4540D036-6829-4EEB-BB00-7CDFB8B8BB7E}.Release|Any CPU.Build.0 = Release|Any CPU
	EndGlobalSection
	GlobalSection(SolutionProperties) = preSolution
		HideSolutionNode = FALSE
	EndGlobalSection
	GlobalSection(ExtensibilityGlobals) = postSolution
		SolutionGuid = {E026A793-EB61-4592-8BE2-7A5E8C6524D0}
	EndGlobalSection
EndGlobal
